Microsoft Visual Studio Solution File, Format Version 12.00
# Visual Studio Version 17
VisualStudioVersion = 17.5.2.0
MinimumVisualStudioVersion = 10.0.40219.1
Project("{FAE04EC0-301F-11D3-BF4B-00C04F79EFBC}") = "sf6-fantasy-league", "sf6-fantasy-league.csproj", "{6EE4A8E5-0FFD-ECD9-C4C9-3F71DE3FF865}"
EndProject
Global
	GlobalSection(SolutionConfigurationPlatforms) = preSolution
		Debug|Any CPU = Debug|Any CPU
		Release|Any CPU = Release|Any CPU
	EndGlobalSection
	GlobalSection(ProjectConfigurationPlatforms) = postSolution
		{6EE4A8E5-0FFD-ECD9-C4C9-3F71DE3FF865}.Debug|Any CPU.ActiveCfg = Debug|Any CPU
		{6EE4A8E5-0FFD-ECD9-C4C9-3F71DE3FF865}.Debug|Any CPU.Build.0 = Debug|Any CPU
		{6EE4A8E5-0FFD-ECD9-C4C9-3F71DE3FF865}.Release|Any CPU.ActiveCfg = Release|Any CPU
		{6EE4A8E5-0FFD-ECD9-C4C9-3F71DE3FF865}.Release|Any CPU.Build.0 = Release|Any CPU
	EndGlobalSection
	GlobalSection(SolutionProperties) = preSolution
		HideSolutionNode = FALSE
	EndGlobalSection
	GlobalSection(ExtensibilityGlobals) = postSolution
		SolutionGuid = {578C44D7-8DE0-4E37-9969-99D6CAF369DE}
	EndGlobalSection
EndGlobal
